// !$*UTF8*$!
{
	archiveVersion = 1;
	classes = {
	};
	objectVersion = 56;
	objects = {

/* Begin PBXBuildFile section */
		516406E72B45D0EC00A9803D /* LoginView.swift in Sources */ = {isa = PBXBuildFile; fileRef = 516406E62B45D0EC00A9803D /* LoginView.swift */; };
		516406E92B45DEC800A9803D /* LoginViewController.swift in Sources */ = {isa = PBXBuildFile; fileRef = 516406E82B45DEC800A9803D /* LoginViewController.swift */; };
		516406ED2B4DCB4300A9803D /* TextsInTheApp.swift in Sources */ = {isa = PBXBuildFile; fileRef = 516406EC2B4DCB4300A9803D /* TextsInTheApp.swift */; };
		516406F22B5028E500A9803D /* RegisterUserView.swift in Sources */ = {isa = PBXBuildFile; fileRef = 516406F12B5028E500A9803D /* RegisterUserView.swift */; };
		516406F42B50594900A9803D /* RegisterUserViewController.swift in Sources */ = {isa = PBXBuildFile; fileRef = 516406F32B50594900A9803D /* RegisterUserViewController.swift */; };
		51674F4D2B2DFA4F00A283FD /* AppDelegate.swift in Sources */ = {isa = PBXBuildFile; fileRef = 51674F4C2B2DFA4F00A283FD /* AppDelegate.swift */; };
		51674F4F2B2DFA4F00A283FD /* SceneDelegate.swift in Sources */ = {isa = PBXBuildFile; fileRef = 51674F4E2B2DFA4F00A283FD /* SceneDelegate.swift */; };
		51674F512B2DFA4F00A283FD /* ViewController.swift in Sources */ = {isa = PBXBuildFile; fileRef = 51674F502B2DFA4F00A283FD /* ViewController.swift */; };
		51674F542B2DFA4F00A283FD /* Main.storyboard in Resources */ = {isa = PBXBuildFile; fileRef = 51674F522B2DFA4F00A283FD /* Main.storyboard */; };
		51674F562B2DFA5100A283FD /* Assets.xcassets in Resources */ = {isa = PBXBuildFile; fileRef = 51674F552B2DFA5100A283FD /* Assets.xcassets */; };
		51674F592B2DFA5100A283FD /* LaunchScreen.storyboard in Resources */ = {isa = PBXBuildFile; fileRef = 51674F572B2DFA5100A283FD /* LaunchScreen.storyboard */; };
		51674F642B2DFA5100A283FD /* EarthQuakesAppTests.swift in Sources */ = {isa = PBXBuildFile; fileRef = 51674F632B2DFA5100A283FD /* EarthQuakesAppTests.swift */; };
		51674F6E2B2DFA5100A283FD /* EarthQuakesAppUITests.swift in Sources */ = {isa = PBXBuildFile; fileRef = 51674F6D2B2DFA5100A283FD /* EarthQuakesAppUITests.swift */; };
		51674F702B2DFA5100A283FD /* EarthQuakesAppUITestsLaunchTests.swift in Sources */ = {isa = PBXBuildFile; fileRef = 51674F6F2B2DFA5100A283FD /* EarthQuakesAppUITestsLaunchTests.swift */; };
/* End PBXBuildFile section */

/* Begin PBXContainerItemProxy section */
		51674F602B2DFA5100A283FD /* PBXContainerItemProxy */ = {
			isa = PBXContainerItemProxy;
			containerPortal = 51674F412B2DFA4F00A283FD /* Project object */;
			proxyType = 1;
			remoteGlobalIDString = 51674F482B2DFA4F00A283FD;
			remoteInfo = EarthQuakesApp;
		};
		51674F6A2B2DFA5100A283FD /* PBXContainerItemProxy */ = {
			isa = PBXContainerItemProxy;
			containerPortal = 51674F412B2DFA4F00A283FD /* Project object */;
			proxyType = 1;
			remoteGlobalIDString = 51674F482B2DFA4F00A283FD;
			remoteInfo = EarthQuakesApp;
		};
/* End PBXContainerItemProxy section */

/* Begin PBXFileReference section */
		516406E62B45D0EC00A9803D /* LoginView.swift */ = {isa = PBXFileReference; lastKnownFileType = sourcecode.swift; path = LoginView.swift; sourceTree = "<group>"; };
		516406E82B45DEC800A9803D /* LoginViewController.swift */ = {isa = PBXFileReference; lastKnownFileType = sourcecode.swift; path = LoginViewController.swift; sourceTree = "<group>"; };
		516406EC2B4DCB4300A9803D /* TextsInTheApp.swift */ = {isa = PBXFileReference; lastKnownFileType = sourcecode.swift; path = TextsInTheApp.swift; sourceTree = "<group>"; };
		516406F12B5028E500A9803D /* RegisterUserView.swift */ = {isa = PBXFileReference; lastKnownFileType = sourcecode.swift; path = RegisterUserView.swift; sourceTree = "<group>"; };
		516406F32B50594900A9803D /* RegisterUserViewController.swift */ = {isa = PBXFileReference; lastKnownFileType = sourcecode.swift; path = RegisterUserViewController.swift; sourceTree = "<group>"; };
		51674F492B2DFA4F00A283FD /* EarthQuakesApp.app */ = {isa = PBXFileReference; explicitFileType = wrapper.application; includeInIndex = 0; path = EarthQuakesApp.app; sourceTree = BUILT_PRODUCTS_DIR; };
		51674F4C2B2DFA4F00A283FD /* AppDelegate.swift */ = {isa = PBXFileReference; lastKnownFileType = sourcecode.swift; path = AppDelegate.swift; sourceTree = "<group>"; };
		51674F4E2B2DFA4F00A283FD /* SceneDelegate.swift */ = {isa = PBXFileReference; lastKnownFileType = sourcecode.swift; path = SceneDelegate.swift; sourceTree = "<group>"; };
		51674F502B2DFA4F00A283FD /* ViewController.swift */ = {isa = PBXFileReference; lastKnownFileType = sourcecode.swift; path = ViewController.swift; sourceTree = "<group>"; };
		51674F532B2DFA4F00A283FD /* Base */ = {isa = PBXFileReference; lastKnownFileType = file.storyboard; name = Base; path = Base.lproj/Main.storyboard; sourceTree = "<group>"; };
		51674F552B2DFA5100A283FD /* Assets.xcassets */ = {isa = PBXFileReference; lastKnownFileType = folder.assetcatalog; path = Assets.xcassets; sourceTree = "<group>"; };
		51674F582B2DFA5100A283FD /* Base */ = {isa = PBXFileReference; lastKnownFileType = file.storyboard; name = Base; path = Base.lproj/LaunchScreen.storyboard; sourceTree = "<group>"; };
		51674F5A2B2DFA5100A283FD /* Info.plist */ = {isa = PBXFileReference; lastKnownFileType = text.plist.xml; path = Info.plist; sourceTree = "<group>"; };
		51674F5F2B2DFA5100A283FD /* EarthQuakesAppTests.xctest */ = {isa = PBXFileReference; explicitFileType = wrapper.cfbundle; includeInIndex = 0; path = EarthQuakesAppTests.xctest; sourceTree = BUILT_PRODUCTS_DIR; };
		51674F632B2DFA5100A283FD /* EarthQuakesAppTests.swift */ = {isa = PBXFileReference; lastKnownFileType = sourcecode.swift; path = EarthQuakesAppTests.swift; sourceTree = "<group>"; };
		51674F692B2DFA5100A283FD /* EarthQuakesAppUITests.xctest */ = {isa = PBXFileReference; explicitFileType = wrapper.cfbundle; includeInIndex = 0; path = EarthQuakesAppUITests.xctest; sourceTree = BUILT_PRODUCTS_DIR; };
		51674F6D2B2DFA5100A283FD /* EarthQuakesAppUITests.swift */ = {isa = PBXFileReference; lastKnownFileType = sourcecode.swift; path = EarthQuakesAppUITests.swift; sourceTree = "<group>"; };
		51674F6F2B2DFA5100A283FD /* EarthQuakesAppUITestsLaunchTests.swift */ = {isa = PBXFileReference; lastKnownFileType = sourcecode.swift; path = EarthQuakesAppUITestsLaunchTests.swift; sourceTree = "<group>"; };
/* End PBXFileReference section */

/* Begin PBXFrameworksBuildPhase section */
		51674F462B2DFA4F00A283FD /* Frameworks */ = {
			isa = PBXFrameworksBuildPhase;
			buildActionMask = 2147483647;
			files = (
			);
			runOnlyForDeploymentPostprocessing = 0;
		};
		51674F5C2B2DFA5100A283FD /* Frameworks */ = {
			isa = PBXFrameworksBuildPhase;
			buildActionMask = 2147483647;
			files = (
			);
			runOnlyForDeploymentPostprocessing = 0;
		};
		51674F662B2DFA5100A283FD /* Frameworks */ = {
			isa = PBXFrameworksBuildPhase;
			buildActionMask = 2147483647;
			files = (
			);
			runOnlyForDeploymentPostprocessing = 0;
		};
/* End PBXFrameworksBuildPhase section */

/* Begin PBXGroup section */
		516406E32B45CFA300A9803D /* Screen */ = {
			isa = PBXGroup;
			children = (
				516406F02B4F30C600A9803D /* DetailView */,
				516406EF2B4F2FB600A9803D /* RegisterUser */,
				516406EE2B4F2FAD00A9803D /* Home */,
				516406E52B45CFC800A9803D /* Login */,
			);
			path = Screen;
			sourceTree = "<group>";
		};
		516406E42B45CFAB00A9803D /* Other */ = {
			isa = PBXGroup;
			children = (
				51674F4C2B2DFA4F00A283FD /* AppDelegate.swift */,
				51674F4E2B2DFA4F00A283FD /* SceneDelegate.swift */,
				51674F502B2DFA4F00A283FD /* ViewController.swift */,
				51674F522B2DFA4F00A283FD /* Main.storyboard */,
				51674F572B2DFA5100A283FD /* LaunchScreen.storyboard */,
			);
			path = Other;
			sourceTree = "<group>";
		};
		516406E52B45CFC800A9803D /* Login */ = {
			isa = PBXGroup;
			children = (
				516406E62B45D0EC00A9803D /* LoginView.swift */,
				516406E82B45DEC800A9803D /* LoginViewController.swift */,
			);
			path = Login;
			sourceTree = "<group>";
		};
		516406EA2B4DCB2800A9803D /* Model */ = {
			isa = PBXGroup;
			children = (
				516406EC2B4DCB4300A9803D /* TextsInTheApp.swift */,
			);
			path = Model;
			sourceTree = "<group>";
		};
		516406EE2B4F2FAD00A9803D /* Home */ = {
			isa = PBXGroup;
			children = (
			);
			path = Home;
			sourceTree = "<group>";
		};
		516406EF2B4F2FB600A9803D /* RegisterUser */ = {
			isa = PBXGroup;
			children = (
				516406F12B5028E500A9803D /* RegisterUserView.swift */,
				516406F32B50594900A9803D /* RegisterUserViewController.swift */,
			);
			path = RegisterUser;
			sourceTree = "<group>";
		};
		516406F02B4F30C600A9803D /* DetailView */ = {
			isa = PBXGroup;
			children = (
			);
			path = DetailView;
			sourceTree = "<group>";
		};
		51674F402B2DFA4F00A283FD = {
			isa = PBXGroup;
			children = (
				51674F4B2B2DFA4F00A283FD /* EarthQuakesApp */,
				51674F622B2DFA5100A283FD /* EarthQuakesAppTests */,
				51674F6C2B2DFA5100A283FD /* EarthQuakesAppUITests */,
				51674F4A2B2DFA4F00A283FD /* Products */,
			);
			sourceTree = "<group>";
		};
		51674F4A2B2DFA4F00A283FD /* Products */ = {
			isa = PBXGroup;
			children = (
				51674F492B2DFA4F00A283FD /* EarthQuakesApp.app */,
				51674F5F2B2DFA5100A283FD /* EarthQuakesAppTests.xctest */,
				51674F692B2DFA5100A283FD /* EarthQuakesAppUITests.xctest */,
			);
			name = Products;
			sourceTree = "<group>";
		};
		51674F4B2B2DFA4F00A283FD /* EarthQuakesApp */ = {
			isa = PBXGroup;
			children = (
				516406EA2B4DCB2800A9803D /* Model */,
				516406E42B45CFAB00A9803D /* Other */,
				516406E32B45CFA300A9803D /* Screen */,
				51674F552B2DFA5100A283FD /* Assets.xcassets */,
				51674F5A2B2DFA5100A283FD /* Info.plist */,
			);
			path = EarthQuakesApp;
			sourceTree = "<group>";
		};
		51674F622B2DFA5100A283FD /* EarthQuakesAppTests */ = {
			isa = PBXGroup;
			children = (
				51674F632B2DFA5100A283FD /* EarthQuakesAppTests.swift */,
			);
			path = EarthQuakesAppTests;
			sourceTree = "<group>";
		};
		51674F6C2B2DFA5100A283FD /* EarthQuakesAppUITests */ = {
			isa = PBXGroup;
			children = (
				51674F6D2B2DFA5100A283FD /* EarthQuakesAppUITests.swift */,
				51674F6F2B2DFA5100A283FD /* EarthQuakesAppUITestsLaunchTests.swift */,
			);
			path = EarthQuakesAppUITests;
			sourceTree = "<group>";
		};
/* End PBXGroup section */

/* Begin PBXNativeTarget section */
		51674F482B2DFA4F00A283FD /* EarthQuakesApp */ = {
			isa = PBXNativeTarget;
			buildConfigurationList = 51674F732B2DFA5100A283FD /* Build configuration list for PBXNativeTarget "EarthQuakesApp" */;
			buildPhases = (
				51674F452B2DFA4F00A283FD /* Sources */,
				51674F462B2DFA4F00A283FD /* Frameworks */,
				51674F472B2DFA4F00A283FD /* Resources */,
			);
			buildRules = (
			);
			dependencies = (
			);
			name = EarthQuakesApp;
			productName = EarthQuakesApp;
			productReference = 51674F492B2DFA4F00A283FD /* EarthQuakesApp.app */;
			productType = "com.apple.product-type.application";
		};
		51674F5E2B2DFA5100A283FD /* EarthQuakesAppTests */ = {
			isa = PBXNativeTarget;
			buildConfigurationList = 51674F762B2DFA5100A283FD /* Build configuration list for PBXNativeTarget "EarthQuakesAppTests" */;
			buildPhases = (
				51674F5B2B2DFA5100A283FD /* Sources */,
				51674F5C2B2DFA5100A283FD /* Frameworks */,
				51674F5D2B2DFA5100A283FD /* Resources */,
			);
			buildRules = (
			);
			dependencies = (
				51674F612B2DFA5100A283FD /* PBXTargetDependency */,
			);
			name = EarthQuakesAppTests;
			productName = EarthQuakesAppTests;
			productReference = 51674F5F2B2DFA5100A283FD /* EarthQuakesAppTests.xctest */;
			productType = "com.apple.product-type.bundle.unit-test";
		};
		51674F682B2DFA5100A283FD /* EarthQuakesAppUITests */ = {
			isa = PBXNativeTarget;
			buildConfigurationList = 51674F792B2DFA5100A283FD /* Build configuration list for PBXNativeTarget "EarthQuakesAppUITests" */;
			buildPhases = (
				51674F652B2DFA5100A283FD /* Sources */,
				51674F662B2DFA5100A283FD /* Frameworks */,
				51674F672B2DFA5100A283FD /* Resources */,
			);
			buildRules = (
			);
			dependencies = (
				51674F6B2B2DFA5100A283FD /* PBXTargetDependency */,
			);
			name = EarthQuakesAppUITests;
			productName = EarthQuakesAppUITests;
			productReference = 51674F692B2DFA5100A283FD /* EarthQuakesAppUITests.xctest */;
			productType = "com.apple.product-type.bundle.ui-testing";
		};
/* End PBXNativeTarget section */

/* Begin PBXProject section */
		51674F412B2DFA4F00A283FD /* Project object */ = {
			isa = PBXProject;
			attributes = {
				BuildIndependentTargetsInParallel = 1;
				LastSwiftUpdateCheck = 1420;
				LastUpgradeCheck = 1420;
				TargetAttributes = {
					51674F482B2DFA4F00A283FD = {
						CreatedOnToolsVersion = 14.2;
					};
					51674F5E2B2DFA5100A283FD = {
						CreatedOnToolsVersion = 14.2;
						TestTargetID = 51674F482B2DFA4F00A283FD;
					};
					51674F682B2DFA5100A283FD = {
						CreatedOnToolsVersion = 14.2;
						TestTargetID = 51674F482B2DFA4F00A283FD;
					};
				};
			};
			buildConfigurationList = 51674F442B2DFA4F00A283FD /* Build configuration list for PBXProject "EarthQuakesApp" */;
			compatibilityVersion = "Xcode 14.0";
			developmentRegion = en;
			hasScannedForEncodings = 0;
			knownRegions = (
				en,
				Base,
			);
			mainGroup = 51674F402B2DFA4F00A283FD;
			productRefGroup = 51674F4A2B2DFA4F00A283FD /* Products */;
			projectDirPath = "";
			projectRoot = "";
			targets = (
				51674F482B2DFA4F00A283FD /* EarthQuakesApp */,
				51674F5E2B2DFA5100A283FD /* EarthQuakesAppTests */,
				51674F682B2DFA5100A283FD /* EarthQuakesAppUITests */,
			);
		};
/* End PBXProject section */

/* Begin PBXResourcesBuildPhase section */
		51674F472B2DFA4F00A283FD /* Resources */ = {
			isa = PBXResourcesBuildPhase;
			buildActionMask = 2147483647;
			files = (
				51674F592B2DFA5100A283FD /* LaunchScreen.storyboard in Resources */,
				51674F562B2DFA5100A283FD /* Assets.xcassets in Resources */,
				51674F542B2DFA4F00A283FD /* Main.storyboard in Resources */,
			);
			runOnlyForDeploymentPostprocessing = 0;
		};
		51674F5D2B2DFA5100A283FD /* Resources */ = {
			isa = PBXResourcesBuildPhase;
			buildActionMask = 2147483647;
			files = (
			);
			runOnlyForDeploymentPostprocessing = 0;
		};
		51674F672B2DFA5100A283FD /* Resources */ = {
			isa = PBXResourcesBuildPhase;
			buildActionMask = 2147483647;
			files = (
			);
			runOnlyForDeploymentPostprocessing = 0;
		};
/* End PBXResourcesBuildPhase section */

/* Begin PBXSourcesBuildPhase section */
		51674F452B2DFA4F00A283FD /* Sources */ = {
			isa = PBXSourcesBuildPhase;
			buildActionMask = 2147483647;
			files = (
				51674F512B2DFA4F00A283FD /* ViewController.swift in Sources */,
				516406F22B5028E500A9803D /* RegisterUserView.swift in Sources */,
				516406ED2B4DCB4300A9803D /* TextsInTheApp.swift in Sources */,
				51674F4D2B2DFA4F00A283FD /* AppDelegate.swift in Sources */,
				516406F42B50594900A9803D /* RegisterUserViewController.swift in Sources */,
				516406E72B45D0EC00A9803D /* LoginView.swift in Sources */,
				516406E92B45DEC800A9803D /* LoginViewController.swift in Sources */,
				51674F4F2B2DFA4F00A283FD /* SceneDelegate.swift in Sources */,
			);
			runOnlyForDeploymentPostprocessing = 0;
		};
		51674F5B2B2DFA5100A283FD /* Sources */ = {
			isa = PBXSourcesBuildPhase;
			buildActionMask = 2147483647;
			files = (
				51674F642B2DFA5100A283FD /* EarthQuakesAppTests.swift in Sources */,
			);
			runOnlyForDeploymentPostprocessing = 0;
		};
		51674F652B2DFA5100A283FD /* Sources */ = {
			isa = PBXSourcesBuildPhase;
			buildActionMask = 2147483647;
			files = (
				51674F6E2B2DFA5100A283FD /* EarthQuakesAppUITests.swift in Sources */,
				51674F702B2DFA5100A283FD /* EarthQuakesAppUITestsLaunchTests.swift in Sources */,
			);
			runOnlyForDeploymentPostprocessing = 0;
		};
/* End PBXSourcesBuildPhase section */

/* Begin PBXTargetDependency section */
		51674F612B2DFA5100A283FD /* PBXTargetDependency */ = {
			isa = PBXTargetDependency;
			target = 51674F482B2DFA4F00A283FD /* EarthQuakesApp */;
			targetProxy = 51674F602B2DFA5100A283FD /* PBXContainerItemProxy */;
		};
		51674F6B2B2DFA5100A283FD /* PBXTargetDependency */ = {
			isa = PBXTargetDependency;
			target = 51674F482B2DFA4F00A283FD /* EarthQuakesApp */;
			targetProxy = 51674F6A2B2DFA5100A283FD /* PBXContainerItemProxy */;
		};
/* End PBXTargetDependency section */

/* Begin PBXVariantGroup section */
		51674F522B2DFA4F00A283FD /* Main.storyboard */ = {
			isa = PBXVariantGroup;
			children = (
				51674F532B2DFA4F00A283FD /* Base */,
			);
			name = Main.storyboard;
			sourceTree = "<group>";
		};
		51674F572B2DFA5100A283FD /* LaunchScreen.storyboard */ = {
			isa = PBXVariantGroup;
			children = (
				51674F582B2DFA5100A283FD /* Base */,
			);
			name = LaunchScreen.storyboard;
			sourceTree = "<group>";
		};
/* End PBXVariantGroup section */

/* Begin XCBuildConfiguration section */
		51674F712B2DFA5100A283FD /* Debug */ = {
			isa = XCBuildConfiguration;
			buildSettings = {
				ALWAYS_SEARCH_USER_PATHS = NO;
				CLANG_ANALYZER_NONNULL = YES;
				CLANG_ANALYZER_NUMBER_OBJECT_CONVERSION = YES_AGGRESSIVE;
				CLANG_CXX_LANGUAGE_STANDARD = "gnu++20";
				CLANG_ENABLE_MODULES = YES;
				CLANG_ENABLE_OBJC_ARC = YES;
				CLANG_ENABLE_OBJC_WEAK = YES;
				CLANG_WARN_BLOCK_CAPTURE_AUTORELEASING = YES;
				CLANG_WARN_BOOL_CONVERSION = YES;
				CLANG_WARN_COMMA = YES;
				CLANG_WARN_CONSTANT_CONVERSION = YES;
				CLANG_WARN_DEPRECATED_OBJC_IMPLEMENTATIONS = YES;
				CLANG_WARN_DIRECT_OBJC_ISA_USAGE = YES_ERROR;
				CLANG_WARN_DOCUMENTATION_COMMENTS = YES;
				CLANG_WARN_EMPTY_BODY = YES;
				CLANG_WARN_ENUM_CONVERSION = YES;
				CLANG_WARN_INFINITE_RECURSION = YES;
				CLANG_WARN_INT_CONVERSION = YES;
				CLANG_WARN_NON_LITERAL_NULL_CONVERSION = YES;
				CLANG_WARN_OBJC_IMPLICIT_RETAIN_SELF = YES;
				CLANG_WARN_OBJC_LITERAL_CONVERSION = YES;
				CLANG_WARN_OBJC_ROOT_CLASS = YES_ERROR;
				CLANG_WARN_QUOTED_INCLUDE_IN_FRAMEWORK_HEADER = YES;
				CLANG_WARN_RANGE_LOOP_ANALYSIS = YES;
				CLANG_WARN_STRICT_PROTOTYPES = YES;
				CLANG_WARN_SUSPICIOUS_MOVE = YES;
				CLANG_WARN_UNGUARDED_AVAILABILITY = YES_AGGRESSIVE;
				CLANG_WARN_UNREACHABLE_CODE = YES;
				CLANG_WARN__DUPLICATE_METHOD_MATCH = YES;
				COPY_PHASE_STRIP = NO;
				DEBUG_INFORMATION_FORMAT = dwarf;
				ENABLE_STRICT_OBJC_MSGSEND = YES;
				ENABLE_TESTABILITY = YES;
				GCC_C_LANGUAGE_STANDARD = gnu11;
				GCC_DYNAMIC_NO_PIC = NO;
				GCC_NO_COMMON_BLOCKS = YES;
				GCC_OPTIMIZATION_LEVEL = 0;
				GCC_PREPROCESSOR_DEFINITIONS = (
					"DEBUG=1",
					"$(inherited)",
				);
				GCC_WARN_64_TO_32_BIT_CONVERSION = YES;
				GCC_WARN_ABOUT_RETURN_TYPE = YES_ERROR;
				GCC_WARN_UNDECLARED_SELECTOR = YES;
				GCC_WARN_UNINITIALIZED_AUTOS = YES_AGGRESSIVE;
				GCC_WARN_UNUSED_FUNCTION = YES;
				GCC_WARN_UNUSED_VARIABLE = YES;
				IPHONEOS_DEPLOYMENT_TARGET = 16.2;
				MTL_ENABLE_DEBUG_INFO = INCLUDE_SOURCE;
				MTL_FAST_MATH = YES;
				ONLY_ACTIVE_ARCH = YES;
				SDKROOT = iphoneos;
				SWIFT_ACTIVE_COMPILATION_CONDITIONS = DEBUG;
				SWIFT_OPTIMIZATION_LEVEL = "-Onone";
			};
			name = Debug;
		};
		51674F722B2DFA5100A283FD /* Release */ = {
			isa = XCBuildConfiguration;
			buildSettings = {
				ALWAYS_SEARCH_USER_PATHS = NO;
				CLANG_ANALYZER_NONNULL = YES;
				CLANG_ANALYZER_NUMBER_OBJECT_CONVERSION = YES_AGGRESSIVE;
				CLANG_CXX_LANGUAGE_STANDARD = "gnu++20";
				CLANG_ENABLE_MODULES = YES;
				CLANG_ENABLE_OBJC_ARC = YES;
				CLANG_ENABLE_OBJC_WEAK = YES;
				CLANG_WARN_BLOCK_CAPTURE_AUTORELEASING = YES;
				CLANG_WARN_BOOL_CONVERSION = YES;
				CLANG_WARN_COMMA = YES;
				CLANG_WARN_CONSTANT_CONVERSION = YES;
				CLANG_WARN_DEPRECATED_OBJC_IMPLEMENTATIONS = YES;
				CLANG_WARN_DIRECT_OBJC_ISA_USAGE = YES_ERROR;
				CLANG_WARN_DOCUMENTATION_COMMENTS = YES;
				CLANG_WARN_EMPTY_BODY = YES;
				CLANG_WARN_ENUM_CONVERSION = YES;
				CLANG_WARN_INFINITE_RECURSION = YES;
				CLANG_WARN_INT_CONVERSION = YES;
				CLANG_WARN_NON_LITERAL_NULL_CONVERSION = YES;
				CLANG_WARN_OBJC_IMPLICIT_RETAIN_SELF = YES;
				CLANG_WARN_OBJC_LITERAL_CONVERSION = YES;
				CLANG_WARN_OBJC_ROOT_CLASS = YES_ERROR;
				CLANG_WARN_QUOTED_INCLUDE_IN_FRAMEWORK_HEADER = YES;
				CLANG_WARN_RANGE_LOOP_ANALYSIS = YES;
				CLANG_WARN_STRICT_PROTOTYPES = YES;
				CLANG_WARN_SUSPICIOUS_MOVE = YES;
				CLANG_WARN_UNGUARDED_AVAILABILITY = YES_AGGRESSIVE;
				CLANG_WARN_UNREACHABLE_CODE = YES;
				CLANG_WARN__DUPLICATE_METHOD_MATCH = YES;
				COPY_PHASE_STRIP = NO;
				DEBUG_INFORMATION_FORMAT = "dwarf-with-dsym";
				ENABLE_NS_ASSERTIONS = NO;
				ENABLE_STRICT_OBJC_MSGSEND = YES;
				GCC_C_LANGUAGE_STANDARD = gnu11;
				GCC_NO_COMMON_BLOCKS = YES;
				GCC_WARN_64_TO_32_BIT_CONVERSION = YES;
				GCC_WARN_ABOUT_RETURN_TYPE = YES_ERROR;
				GCC_WARN_UNDECLARED_SELECTOR = YES;
				GCC_WARN_UNINITIALIZED_AUTOS = YES_AGGRESSIVE;
				GCC_WARN_UNUSED_FUNCTION = YES;
				GCC_WARN_UNUSED_VARIABLE = YES;
				IPHONEOS_DEPLOYMENT_TARGET = 16.2;
				MTL_ENABLE_DEBUG_INFO = NO;
				MTL_FAST_MATH = YES;
				SDKROOT = iphoneos;
				SWIFT_COMPILATION_MODE = wholemodule;
				SWIFT_OPTIMIZATION_LEVEL = "-O";
				VALIDATE_PRODUCT = YES;
			};
			name = Release;
		};
		51674F742B2DFA5100A283FD /* Debug */ = {
			isa = XCBuildConfiguration;
			buildSettings = {
				ASSETCATALOG_COMPILER_APPICON_NAME = AppIcon;
				ASSETCATALOG_COMPILER_GLOBAL_ACCENT_COLOR_NAME = AccentColor;
				CODE_SIGN_STYLE = Automatic;
				CURRENT_PROJECT_VERSION = 1;
				GENERATE_INFOPLIST_FILE = YES;
				INFOPLIST_FILE = EarthQuakesApp/Info.plist;
				INFOPLIST_KEY_UIApplicationSupportsIndirectInputEvents = YES;
				INFOPLIST_KEY_UILaunchStoryboardName = LaunchScreen;
				INFOPLIST_KEY_UIMainStoryboardFile = Main;
				INFOPLIST_KEY_UISupportedInterfaceOrientations = UIInterfaceOrientationPortrait;
				INFOPLIST_KEY_UISupportedInterfaceOrientations_iPad = "UIInterfaceOrientationLandscapeLeft UIInterfaceOrientationLandscapeRight UIInterfaceOrientationPortrait UIInterfaceOrientationPortraitUpsideDown";
				IPHONEOS_DEPLOYMENT_TARGET = 15.0;
				LD_RUNPATH_SEARCH_PATHS = (
					"$(inherited)",
					"@executable_path/Frameworks",
				);
				MARKETING_VERSION = 1.0;
				PRODUCT_BUNDLE_IDENTIFIER = virusmantis.EarthQuakesApp;
				PRODUCT_NAME = "$(TARGET_NAME)";
				SWIFT_EMIT_LOC_STRINGS = YES;
				SWIFT_VERSION = 5.0;
				TARGETED_DEVICE_FAMILY = "1,2";
			};
			name = Debug;
		};
		51674F752B2DFA5100A283FD /* Release */ = {
			isa = XCBuildConfiguration;
			buildSettings = {
				ASSETCATALOG_COMPILER_APPICON_NAME = AppIcon;
				ASSETCATALOG_COMPILER_GLOBAL_ACCENT_COLOR_NAME = AccentColor;
				CODE_SIGN_STYLE = Automatic;
				CURRENT_PROJECT_VERSION = 1;
				GENERATE_INFOPLIST_FILE = YES;
				INFOPLIST_FILE = EarthQuakesApp/Info.plist;
				INFOPLIST_KEY_UIApplicationSupportsIndirectInputEvents = YES;
				INFOPLIST_KEY_UILaunchStoryboardName = LaunchScreen;
				INFOPLIST_KEY_UIMainStoryboardFile = Main;
				INFOPLIST_KEY_UISupportedInterfaceOrientations = UIInterfaceOrientationPortrait;
				INFOPLIST_KEY_UISupportedInterfaceOrientations_iPad = "UIInterfaceOrientationLandscapeLeft UIInterfaceOrientationLandscapeRight UIInterfaceOrientationPortrait UIInterfaceOrientationPortraitUpsideDown";
				IPHONEOS_DEPLOYMENT_TARGET = 15.0;
				LD_RUNPATH_SEARCH_PATHS = (
					"$(inherited)",
					"@executable_path/Frameworks",
				);
				MARKETING_VERSION = 1.0;
				PRODUCT_BUNDLE_IDENTIFIER = virusmantis.EarthQuakesApp;
				PRODUCT_NAME = "$(TARGET_NAME)";
				SWIFT_EMIT_LOC_STRINGS = YES;
				SWIFT_VERSION = 5.0;
				TARGETED_DEVICE_FAMILY = "1,2";
			};
			name = Release;
		};
		51674F772B2DFA5100A283FD /* Debug */ = {
			isa = XCBuildConfiguration;
			buildSettings = {
				ALWAYS_EMBED_SWIFT_STANDARD_LIBRARIES = YES;
				BUNDLE_LOADER = "$(TEST_HOST)";
				CODE_SIGN_STYLE = Automatic;
				CURRENT_PROJECT_VERSION = 1;
				GENERATE_INFOPLIST_FILE = YES;
				IPHONEOS_DEPLOYMENT_TARGET = 16.2;
				MARKETING_VERSION = 1.0;
				PRODUCT_BUNDLE_IDENTIFIER = virusmantis.EarthQuakesAppTests;
				PRODUCT_NAME = "$(TARGET_NAME)";
				SWIFT_EMIT_LOC_STRINGS = NO;
				SWIFT_VERSION = 5.0;
				TARGETED_DEVICE_FAMILY = "1,2";
				TEST_HOST = "$(BUILT_PRODUCTS_DIR)/EarthQuakesApp.app/$(BUNDLE_EXECUTABLE_FOLDER_PATH)/EarthQuakesApp";
			};
			name = Debug;
		};
		51674F782B2DFA5100A283FD /* Release */ = {
			isa = XCBuildConfiguration;
			buildSettings = {
				ALWAYS_EMBED_SWIFT_STANDARD_LIBRARIES = YES;
				BUNDLE_LOADER = "$(TEST_HOST)";
				CODE_SIGN_STYLE = Automatic;
				CURRENT_PROJECT_VERSION = 1;
				GENERATE_INFOPLIST_FILE = YES;
				IPHONEOS_DEPLOYMENT_TARGET = 16.2;
				MARKETING_VERSION = 1.0;
				PRODUCT_BUNDLE_IDENTIFIER = virusmantis.EarthQuakesAppTests;
				PRODUCT_NAME = "$(TARGET_NAME)";
				SWIFT_EMIT_LOC_STRINGS = NO;
				SWIFT_VERSION = 5.0;
				TARGETED_DEVICE_FAMILY = "1,2";
				TEST_HOST = "$(BUILT_PRODUCTS_DIR)/EarthQuakesApp.app/$(BUNDLE_EXECUTABLE_FOLDER_PATH)/EarthQuakesApp";
			};
			name = Release;
		};
		51674F7A2B2DFA5100A283FD /* Debug */ = {
			isa = XCBuildConfiguration;
			buildSettings = {
				ALWAYS_EMBED_SWIFT_STANDARD_LIBRARIES = YES;
				CODE_SIGN_STYLE = Automatic;
				CURRENT_PROJECT_VERSION = 1;
				GENERATE_INFOPLIST_FILE = YES;
				MARKETING_VERSION = 1.0;
				PRODUCT_BUNDLE_IDENTIFIER = virusmantis.EarthQuakesAppUITests;
				PRODUCT_NAME = "$(TARGET_NAME)";
				SWIFT_EMIT_LOC_STRINGS = NO;
				SWIFT_VERSION = 5.0;
				TARGETED_DEVICE_FAMILY = "1,2";
				TEST_TARGET_NAME = EarthQuakesApp;
			};
			name = Debug;
		};
		51674F7B2B2DFA5100A283FD /* Release */ = {
			isa = XCBuildConfiguration;
			buildSettings = {
				ALWAYS_EMBED_SWIFT_STANDARD_LIBRARIES = YES;
				CODE_SIGN_STYLE = Automatic;
				CURRENT_PROJECT_VERSION = 1;
				GENERATE_INFOPLIST_FILE = YES;
				MARKETING_VERSION = 1.0;
				PRODUCT_BUNDLE_IDENTIFIER = virusmantis.EarthQuakesAppUITests;
				PRODUCT_NAME = "$(TARGET_NAME)";
				SWIFT_EMIT_LOC_STRINGS = NO;
				SWIFT_VERSION = 5.0;
				TARGETED_DEVICE_FAMILY = "1,2";
				TEST_TARGET_NAME = EarthQuakesApp;
			};
			name = Release;
		};
/* End XCBuildConfiguration section */

/* Begin XCConfigurationList section */
		51674F442B2DFA4F00A283FD /* Build configuration list for PBXProject "EarthQuakesApp" */ = {
			isa = XCConfigurationList;
			buildConfigurations = (
				51674F712B2DFA5100A283FD /* Debug */,
				51674F722B2DFA5100A283FD /* Release */,
			);
			defaultConfigurationIsVisible = 0;
			defaultConfigurationName = Release;
		};
		51674F732B2DFA5100A283FD /* Build configuration list for PBXNativeTarget "EarthQuakesApp" */ = {
			isa = XCConfigurationList;
			buildConfigurations = (
				51674F742B2DFA5100A283FD /* Debug */,
				51674F752B2DFA5100A283FD /* Release */,
			);
			defaultConfigurationIsVisible = 0;
			defaultConfigurationName = Release;
		};
		51674F762B2DFA5100A283FD /* Build configuration list for PBXNativeTarget "EarthQuakesAppTests" */ = {
			isa = XCConfigurationList;
			buildConfigurations = (
				51674F772B2DFA5100A283FD /* Debug */,
				51674F782B2DFA5100A283FD /* Release */,
			);
			defaultConfigurationIsVisible = 0;
			defaultConfigurationName = Release;
		};
		51674F792B2DFA5100A283FD /* Build configuration list for PBXNativeTarget "EarthQuakesAppUITests" */ = {
			isa = XCConfigurationList;
			buildConfigurations = (
				51674F7A2B2DFA5100A283FD /* Debug */,
				51674F7B2B2DFA5100A283FD /* Release */,
			);
			defaultConfigurationIsVisible = 0;
			defaultConfigurationName = Release;
		};
/* End XCConfigurationList section */
	};
	rootObject = 51674F412B2DFA4F00A283FD /* Project object */;
}
